// !$*UTF8*$!
{
	archiveVersion = 1;
	classes = {
	};
	objectVersion = 50;
	objects = {

/* Begin PBXBuildFile section */
		30039C602493ED3900320255 /* AppDelegate.swift in Sources */ = {isa = PBXBuildFile; fileRef = 30039C5F2493ED3900320255 /* AppDelegate.swift */; };
		30039C622493ED3900320255 /* SceneDelegate.swift in Sources */ = {isa = PBXBuildFile; fileRef = 30039C612493ED3900320255 /* SceneDelegate.swift */; };
		30039C652493ED3900320255 /* PencilKitProject.xcdatamodeld in Sources */ = {isa = PBXBuildFile; fileRef = 30039C632493ED3900320255 /* PencilKitProject.xcdatamodeld */; };
		30039C692493ED3B00320255 /* Assets.xcassets in Resources */ = {isa = PBXBuildFile; fileRef = 30039C682493ED3B00320255 /* Assets.xcassets */; };
		30039C6C2493ED3B00320255 /* Preview Assets.xcassets in Resources */ = {isa = PBXBuildFile; fileRef = 30039C6B2493ED3B00320255 /* Preview Assets.xcassets */; };
		30039C6F2493ED3C00320255 /* LaunchScreen.storyboard in Resources */ = {isa = PBXBuildFile; fileRef = 30039C6D2493ED3C00320255 /* LaunchScreen.storyboard */; };
		30039C7A2493ED3C00320255 /* PencilKitProjectTests.swift in Sources */ = {isa = PBXBuildFile; fileRef = 30039C792493ED3C00320255 /* PencilKitProjectTests.swift */; };
		30039C852493ED3C00320255 /* PencilKitProjectUITests.swift in Sources */ = {isa = PBXBuildFile; fileRef = 30039C842493ED3C00320255 /* PencilKitProjectUITests.swift */; };
		30039C942493EE2600320255 /* UIImage+CGRect.swift in Sources */ = {isa = PBXBuildFile; fileRef = 30039C932493EE2600320255 /* UIImage+CGRect.swift */; };
		30039C972493EE8C00320255 /* PencilKitViewController.swift in Sources */ = {isa = PBXBuildFile; fileRef = 30039C962493EE8C00320255 /* PencilKitViewController.swift */; };
		30039C992493EEA800320255 /* MNIST.mlmodel in Sources */ = {isa = PBXBuildFile; fileRef = 30039C982493EEA800320255 /* MNIST.mlmodel */; };
		30039C9B2493EEBF00320255 /* PagesViewController.swift in Sources */ = {isa = PBXBuildFile; fileRef = 30039C9A2493EEBF00320255 /* PagesViewController.swift */; };
		30039C9D2493F63A00320255 /* CodeView.swift in Sources */ = {isa = PBXBuildFile; fileRef = 30039C9C2493F63A00320255 /* CodeView.swift */; };
		30039CA4249A89ED00320255 /* UIPageViewControllerDataSourceMock.swift in Sources */ = {isa = PBXBuildFile; fileRef = 30039CA3249A89ED00320255 /* UIPageViewControllerDataSourceMock.swift */; };
		30039CA6249A8C1E00320255 /* PagesViewControllerTests.swift in Sources */ = {isa = PBXBuildFile; fileRef = 30039CA5249A8C1E00320255 /* PagesViewControllerTests.swift */; };
/* End PBXBuildFile section */

/* Begin PBXContainerItemProxy section */
		30039C762493ED3C00320255 /* PBXContainerItemProxy */ = {
			isa = PBXContainerItemProxy;
			containerPortal = 30039C542493ED3900320255 /* Project object */;
			proxyType = 1;
			remoteGlobalIDString = 30039C5B2493ED3900320255;
			remoteInfo = PencilKitProject;
		};
		30039C812493ED3C00320255 /* PBXContainerItemProxy */ = {
			isa = PBXContainerItemProxy;
			containerPortal = 30039C542493ED3900320255 /* Project object */;
			proxyType = 1;
			remoteGlobalIDString = 30039C5B2493ED3900320255;
			remoteInfo = PencilKitProject;
		};
/* End PBXContainerItemProxy section */

/* Begin PBXFileReference section */
		30039C5C2493ED3900320255 /* PencilKitProject.app */ = {isa = PBXFileReference; explicitFileType = wrapper.application; includeInIndex = 0; path = PencilKitProject.app; sourceTree = BUILT_PRODUCTS_DIR; };
		30039C5F2493ED3900320255 /* AppDelegate.swift */ = {isa = PBXFileReference; lastKnownFileType = sourcecode.swift; path = AppDelegate.swift; sourceTree = "<group>"; };
		30039C612493ED3900320255 /* SceneDelegate.swift */ = {isa = PBXFileReference; lastKnownFileType = sourcecode.swift; path = SceneDelegate.swift; sourceTree = "<group>"; };
		30039C642493ED3900320255 /* PencilKitProject.xcdatamodel */ = {isa = PBXFileReference; lastKnownFileType = wrapper.xcdatamodel; path = PencilKitProject.xcdatamodel; sourceTree = "<group>"; };
		30039C682493ED3B00320255 /* Assets.xcassets */ = {isa = PBXFileReference; lastKnownFileType = folder.assetcatalog; path = Assets.xcassets; sourceTree = "<group>"; };
		30039C6B2493ED3B00320255 /* Preview Assets.xcassets */ = {isa = PBXFileReference; lastKnownFileType = folder.assetcatalog; path = "Preview Assets.xcassets"; sourceTree = "<group>"; };
		30039C6E2493ED3C00320255 /* Base */ = {isa = PBXFileReference; lastKnownFileType = file.storyboard; name = Base; path = Base.lproj/LaunchScreen.storyboard; sourceTree = "<group>"; };
		30039C702493ED3C00320255 /* Info.plist */ = {isa = PBXFileReference; lastKnownFileType = text.plist.xml; path = Info.plist; sourceTree = "<group>"; };
		30039C752493ED3C00320255 /* PencilKitProjectTests.xctest */ = {isa = PBXFileReference; explicitFileType = wrapper.cfbundle; includeInIndex = 0; path = PencilKitProjectTests.xctest; sourceTree = BUILT_PRODUCTS_DIR; };
		30039C792493ED3C00320255 /* PencilKitProjectTests.swift */ = {isa = PBXFileReference; lastKnownFileType = sourcecode.swift; path = PencilKitProjectTests.swift; sourceTree = "<group>"; };
		30039C7B2493ED3C00320255 /* Info.plist */ = {isa = PBXFileReference; lastKnownFileType = text.plist.xml; path = Info.plist; sourceTree = "<group>"; };
		30039C802493ED3C00320255 /* PencilKitProjectUITests.xctest */ = {isa = PBXFileReference; explicitFileType = wrapper.cfbundle; includeInIndex = 0; path = PencilKitProjectUITests.xctest; sourceTree = BUILT_PRODUCTS_DIR; };
		30039C842493ED3C00320255 /* PencilKitProjectUITests.swift */ = {isa = PBXFileReference; lastKnownFileType = sourcecode.swift; path = PencilKitProjectUITests.swift; sourceTree = "<group>"; };
		30039C862493ED3C00320255 /* Info.plist */ = {isa = PBXFileReference; lastKnownFileType = text.plist.xml; path = Info.plist; sourceTree = "<group>"; };
		30039C932493EE2600320255 /* UIImage+CGRect.swift */ = {isa = PBXFileReference; lastKnownFileType = sourcecode.swift; path = "UIImage+CGRect.swift"; sourceTree = "<group>"; };
		30039C962493EE8C00320255 /* PencilKitViewController.swift */ = {isa = PBXFileReference; lastKnownFileType = sourcecode.swift; path = PencilKitViewController.swift; sourceTree = "<group>"; };
		30039C982493EEA800320255 /* MNIST.mlmodel */ = {isa = PBXFileReference; lastKnownFileType = file.mlmodel; path = MNIST.mlmodel; sourceTree = "<group>"; };
		30039C9A2493EEBF00320255 /* PagesViewController.swift */ = {isa = PBXFileReference; lastKnownFileType = sourcecode.swift; path = PagesViewController.swift; sourceTree = "<group>"; };
		30039C9C2493F63A00320255 /* CodeView.swift */ = {isa = PBXFileReference; lastKnownFileType = sourcecode.swift; path = CodeView.swift; sourceTree = "<group>"; };
		30039CA3249A89ED00320255 /* UIPageViewControllerDataSourceMock.swift */ = {isa = PBXFileReference; lastKnownFileType = sourcecode.swift; path = UIPageViewControllerDataSourceMock.swift; sourceTree = "<group>"; };
		30039CA5249A8C1E00320255 /* PagesViewControllerTests.swift */ = {isa = PBXFileReference; lastKnownFileType = sourcecode.swift; path = PagesViewControllerTests.swift; sourceTree = "<group>"; };
/* End PBXFileReference section */

/* Begin PBXFrameworksBuildPhase section */
		30039C592493ED3900320255 /* Frameworks */ = {
			isa = PBXFrameworksBuildPhase;
			buildActionMask = 2147483647;
			files = (
			);
			runOnlyForDeploymentPostprocessing = 0;
		};
		30039C722493ED3C00320255 /* Frameworks */ = {
			isa = PBXFrameworksBuildPhase;
			buildActionMask = 2147483647;
			files = (
			);
			runOnlyForDeploymentPostprocessing = 0;
		};
		30039C7D2493ED3C00320255 /* Frameworks */ = {
			isa = PBXFrameworksBuildPhase;
			buildActionMask = 2147483647;
			files = (
			);
			runOnlyForDeploymentPostprocessing = 0;
		};
/* End PBXFrameworksBuildPhase section */

/* Begin PBXGroup section */
		30039C532493ED3900320255 = {
			isa = PBXGroup;
			children = (
				30039C5E2493ED3900320255 /* PencilKitProject */,
				30039C782493ED3C00320255 /* PencilKitProjectTests */,
				30039C832493ED3C00320255 /* PencilKitProjectUITests */,
				30039C5D2493ED3900320255 /* Products */,
			);
			sourceTree = "<group>";
		};
		30039C5D2493ED3900320255 /* Products */ = {
			isa = PBXGroup;
			children = (
				30039C5C2493ED3900320255 /* PencilKitProject.app */,
				30039C752493ED3C00320255 /* PencilKitProjectTests.xctest */,
				30039C802493ED3C00320255 /* PencilKitProjectUITests.xctest */,
			);
			name = Products;
			sourceTree = "<group>";
		};
		30039C5E2493ED3900320255 /* PencilKitProject */ = {
			isa = PBXGroup;
			children = (
				30039C952493EE7700320255 /* Controllers */,
				30039C922493EDE800320255 /* Extensions */,
				30039C5F2493ED3900320255 /* AppDelegate.swift */,
				30039C612493ED3900320255 /* SceneDelegate.swift */,
				30039C982493EEA800320255 /* MNIST.mlmodel */,
				30039C682493ED3B00320255 /* Assets.xcassets */,
				30039C6D2493ED3C00320255 /* LaunchScreen.storyboard */,
				30039C702493ED3C00320255 /* Info.plist */,
				30039C632493ED3900320255 /* PencilKitProject.xcdatamodeld */,
				30039C6A2493ED3B00320255 /* Preview Content */,
			);
			path = PencilKitProject;
			sourceTree = "<group>";
		};
		30039C6A2493ED3B00320255 /* Preview Content */ = {
			isa = PBXGroup;
			children = (
				30039C6B2493ED3B00320255 /* Preview Assets.xcassets */,
			);
			path = "Preview Content";
			sourceTree = "<group>";
		};
		30039C782493ED3C00320255 /* PencilKitProjectTests */ = {
			isa = PBXGroup;
			children = (
				30039C792493ED3C00320255 /* PencilKitProjectTests.swift */,
				30039CA5249A8C1E00320255 /* PagesViewControllerTests.swift */,
				30039CA3249A89ED00320255 /* UIPageViewControllerDataSourceMock.swift */,
				30039C7B2493ED3C00320255 /* Info.plist */,
			);
			path = PencilKitProjectTests;
			sourceTree = "<group>";
		};
		30039C832493ED3C00320255 /* PencilKitProjectUITests */ = {
			isa = PBXGroup;
			children = (
				30039C842493ED3C00320255 /* PencilKitProjectUITests.swift */,
				30039C862493ED3C00320255 /* Info.plist */,
			);
			path = PencilKitProjectUITests;
			sourceTree = "<group>";
		};
		30039C922493EDE800320255 /* Extensions */ = {
			isa = PBXGroup;
			children = (
				30039C932493EE2600320255 /* UIImage+CGRect.swift */,
				30039C9C2493F63A00320255 /* CodeView.swift */,
			);
			path = Extensions;
			sourceTree = "<group>";
		};
		30039C952493EE7700320255 /* Controllers */ = {
			isa = PBXGroup;
			children = (
				30039C962493EE8C00320255 /* PencilKitViewController.swift */,
				30039C9A2493EEBF00320255 /* PagesViewController.swift */,
			);
			path = Controllers;
			sourceTree = "<group>";
		};
/* End PBXGroup section */

/* Begin PBXNativeTarget section */
		30039C5B2493ED3900320255 /* PencilKitProject */ = {
			isa = PBXNativeTarget;
			buildConfigurationList = 30039C892493ED3C00320255 /* Build configuration list for PBXNativeTarget "PencilKitProject" */;
			buildPhases = (
				30039C582493ED3900320255 /* Sources */,
				30039C592493ED3900320255 /* Frameworks */,
				30039C5A2493ED3900320255 /* Resources */,
			);
			buildRules = (
			);
			dependencies = (
			);
			name = PencilKitProject;
			productName = PencilKitProject;
			productReference = 30039C5C2493ED3900320255 /* PencilKitProject.app */;
			productType = "com.apple.product-type.application";
		};
		30039C742493ED3C00320255 /* PencilKitProjectTests */ = {
			isa = PBXNativeTarget;
			buildConfigurationList = 30039C8C2493ED3C00320255 /* Build configuration list for PBXNativeTarget "PencilKitProjectTests" */;
			buildPhases = (
				30039C712493ED3C00320255 /* Sources */,
				30039C722493ED3C00320255 /* Frameworks */,
				30039C732493ED3C00320255 /* Resources */,
			);
			buildRules = (
			);
			dependencies = (
				30039C772493ED3C00320255 /* PBXTargetDependency */,
			);
			name = PencilKitProjectTests;
			productName = PencilKitProjectTests;
			productReference = 30039C752493ED3C00320255 /* PencilKitProjectTests.xctest */;
			productType = "com.apple.product-type.bundle.unit-test";
		};
		30039C7F2493ED3C00320255 /* PencilKitProjectUITests */ = {
			isa = PBXNativeTarget;
			buildConfigurationList = 30039C8F2493ED3C00320255 /* Build configuration list for PBXNativeTarget "PencilKitProjectUITests" */;
			buildPhases = (
				30039C7C2493ED3C00320255 /* Sources */,
				30039C7D2493ED3C00320255 /* Frameworks */,
				30039C7E2493ED3C00320255 /* Resources */,
			);
			buildRules = (
			);
			dependencies = (
				30039C822493ED3C00320255 /* PBXTargetDependency */,
			);
			name = PencilKitProjectUITests;
			productName = PencilKitProjectUITests;
			productReference = 30039C802493ED3C00320255 /* PencilKitProjectUITests.xctest */;
			productType = "com.apple.product-type.bundle.ui-testing";
		};
/* End PBXNativeTarget section */

/* Begin PBXProject section */
		30039C542493ED3900320255 /* Project object */ = {
			isa = PBXProject;
			attributes = {
				LastSwiftUpdateCheck = 1150;
				LastUpgradeCheck = 1150;
				ORGANIZATIONNAME = gustavo.quenca;
				TargetAttributes = {
					30039C5B2493ED3900320255 = {
						CreatedOnToolsVersion = 11.5;
					};
					30039C742493ED3C00320255 = {
						CreatedOnToolsVersion = 11.5;
						TestTargetID = 30039C5B2493ED3900320255;
					};
					30039C7F2493ED3C00320255 = {
						CreatedOnToolsVersion = 11.5;
						TestTargetID = 30039C5B2493ED3900320255;
					};
				};
			};
			buildConfigurationList = 30039C572493ED3900320255 /* Build configuration list for PBXProject "PencilKitProject" */;
			compatibilityVersion = "Xcode 9.3";
			developmentRegion = en;
			hasScannedForEncodings = 0;
			knownRegions = (
				en,
				Base,
			);
			mainGroup = 30039C532493ED3900320255;
			productRefGroup = 30039C5D2493ED3900320255 /* Products */;
			projectDirPath = "";
			projectRoot = "";
			targets = (
				30039C5B2493ED3900320255 /* PencilKitProject */,
				30039C742493ED3C00320255 /* PencilKitProjectTests */,
				30039C7F2493ED3C00320255 /* PencilKitProjectUITests */,
			);
		};
/* End PBXProject section */

/* Begin PBXResourcesBuildPhase section */
		30039C5A2493ED3900320255 /* Resources */ = {
			isa = PBXResourcesBuildPhase;
			buildActionMask = 2147483647;
			files = (
				30039C6F2493ED3C00320255 /* LaunchScreen.storyboard in Resources */,
				30039C6C2493ED3B00320255 /* Preview Assets.xcassets in Resources */,
				30039C692493ED3B00320255 /* Assets.xcassets in Resources */,
			);
			runOnlyForDeploymentPostprocessing = 0;
		};
		30039C732493ED3C00320255 /* Resources */ = {
			isa = PBXResourcesBuildPhase;
			buildActionMask = 2147483647;
			files = (
			);
			runOnlyForDeploymentPostprocessing = 0;
		};
		30039C7E2493ED3C00320255 /* Resources */ = {
			isa = PBXResourcesBuildPhase;
			buildActionMask = 2147483647;
			files = (
			);
			runOnlyForDeploymentPostprocessing = 0;
		};
/* End PBXResourcesBuildPhase section */

/* Begin PBXSourcesBuildPhase section */
		30039C582493ED3900320255 /* Sources */ = {
			isa = PBXSourcesBuildPhase;
			buildActionMask = 2147483647;
			files = (
				30039C602493ED3900320255 /* AppDelegate.swift in Sources */,
				30039C622493ED3900320255 /* SceneDelegate.swift in Sources */,
				30039C9B2493EEBF00320255 /* PagesViewController.swift in Sources */,
				30039C942493EE2600320255 /* UIImage+CGRect.swift in Sources */,
				30039C972493EE8C00320255 /* PencilKitViewController.swift in Sources */,
				30039C992493EEA800320255 /* MNIST.mlmodel in Sources */,
				30039C652493ED3900320255 /* PencilKitProject.xcdatamodeld in Sources */,
				30039C9D2493F63A00320255 /* CodeView.swift in Sources */,
			);
			runOnlyForDeploymentPostprocessing = 0;
		};
		30039C712493ED3C00320255 /* Sources */ = {
			isa = PBXSourcesBuildPhase;
			buildActionMask = 2147483647;
			files = (
				30039CA4249A89ED00320255 /* UIPageViewControllerDataSourceMock.swift in Sources */,
				30039CA6249A8C1E00320255 /* PagesViewControllerTests.swift in Sources */,
				30039C7A2493ED3C00320255 /* PencilKitProjectTests.swift in Sources */,
			);
			runOnlyForDeploymentPostprocessing = 0;
		};
		30039C7C2493ED3C00320255 /* Sources */ = {
			isa = PBXSourcesBuildPhase;
			buildActionMask = 2147483647;
			files = (
				30039C852493ED3C00320255 /* PencilKitProjectUITests.swift in Sources */,
			);
			runOnlyForDeploymentPostprocessing = 0;
		};
/* End PBXSourcesBuildPhase section */

/* Begin PBXTargetDependency section */
		30039C772493ED3C00320255 /* PBXTargetDependency */ = {
			isa = PBXTargetDependency;
			target = 30039C5B2493ED3900320255 /* PencilKitProject */;
			targetProxy = 30039C762493ED3C00320255 /* PBXContainerItemProxy */;
		};
		30039C822493ED3C00320255 /* PBXTargetDependency */ = {
			isa = PBXTargetDependency;
			target = 30039C5B2493ED3900320255 /* PencilKitProject */;
			targetProxy = 30039C812493ED3C00320255 /* PBXContainerItemProxy */;
		};
/* End PBXTargetDependency section */

/* Begin PBXVariantGroup section */
		30039C6D2493ED3C00320255 /* LaunchScreen.storyboard */ = {
			isa = PBXVariantGroup;
			children = (
				30039C6E2493ED3C00320255 /* Base */,
			);
			name = LaunchScreen.storyboard;
			sourceTree = "<group>";
		};
/* End PBXVariantGroup section */

/* Begin XCBuildConfiguration section */
		30039C872493ED3C00320255 /* Debug */ = {
			isa = XCBuildConfiguration;
			buildSettings = {
				ALWAYS_SEARCH_USER_PATHS = NO;
				CLANG_ANALYZER_NONNULL = YES;
				CLANG_ANALYZER_NUMBER_OBJECT_CONVERSION = YES_AGGRESSIVE;
				CLANG_CXX_LANGUAGE_STANDARD = "gnu++14";
				CLANG_CXX_LIBRARY = "libc++";
				CLANG_ENABLE_MODULES = YES;
				CLANG_ENABLE_OBJC_ARC = YES;
				CLANG_ENABLE_OBJC_WEAK = YES;
				CLANG_WARN_BLOCK_CAPTURE_AUTORELEASING = YES;
				CLANG_WARN_BOOL_CONVERSION = YES;
				CLANG_WARN_COMMA = YES;
				CLANG_WARN_CONSTANT_CONVERSION = YES;
				CLANG_WARN_DEPRECATED_OBJC_IMPLEMENTATIONS = YES;
				CLANG_WARN_DIRECT_OBJC_ISA_USAGE = YES_ERROR;
				CLANG_WARN_DOCUMENTATION_COMMENTS = YES;
				CLANG_WARN_EMPTY_BODY = YES;
				CLANG_WARN_ENUM_CONVERSION = YES;
				CLANG_WARN_INFINITE_RECURSION = YES;
				CLANG_WARN_INT_CONVERSION = YES;
				CLANG_WARN_NON_LITERAL_NULL_CONVERSION = YES;
				CLANG_WARN_OBJC_IMPLICIT_RETAIN_SELF = YES;
				CLANG_WARN_OBJC_LITERAL_CONVERSION = YES;
				CLANG_WARN_OBJC_ROOT_CLASS = YES_ERROR;
				CLANG_WARN_RANGE_LOOP_ANALYSIS = YES;
				CLANG_WARN_STRICT_PROTOTYPES = YES;
				CLANG_WARN_SUSPICIOUS_MOVE = YES;
				CLANG_WARN_UNGUARDED_AVAILABILITY = YES_AGGRESSIVE;
				CLANG_WARN_UNREACHABLE_CODE = YES;
				CLANG_WARN__DUPLICATE_METHOD_MATCH = YES;
				COPY_PHASE_STRIP = NO;
				DEBUG_INFORMATION_FORMAT = dwarf;
				ENABLE_STRICT_OBJC_MSGSEND = YES;
				ENABLE_TESTABILITY = YES;
				GCC_C_LANGUAGE_STANDARD = gnu11;
				GCC_DYNAMIC_NO_PIC = NO;
				GCC_NO_COMMON_BLOCKS = YES;
				GCC_OPTIMIZATION_LEVEL = 0;
				GCC_PREPROCESSOR_DEFINITIONS = (
					"DEBUG=1",
					"$(inherited)",
				);
				GCC_WARN_64_TO_32_BIT_CONVERSION = YES;
				GCC_WARN_ABOUT_RETURN_TYPE = YES_ERROR;
				GCC_WARN_UNDECLARED_SELECTOR = YES;
				GCC_WARN_UNINITIALIZED_AUTOS = YES_AGGRESSIVE;
				GCC_WARN_UNUSED_FUNCTION = YES;
				GCC_WARN_UNUSED_VARIABLE = YES;
				IPHONEOS_DEPLOYMENT_TARGET = 13.5;
				MTL_ENABLE_DEBUG_INFO = INCLUDE_SOURCE;
				MTL_FAST_MATH = YES;
				ONLY_ACTIVE_ARCH = YES;
				SDKROOT = iphoneos;
				SWIFT_ACTIVE_COMPILATION_CONDITIONS = DEBUG;
				SWIFT_OPTIMIZATION_LEVEL = "-Onone";
			};
			name = Debug;
		};
		30039C882493ED3C00320255 /* Release */ = {
			isa = XCBuildConfiguration;
			buildSettings = {
				ALWAYS_SEARCH_USER_PATHS = NO;
				CLANG_ANALYZER_NONNULL = YES;
				CLANG_ANALYZER_NUMBER_OBJECT_CONVERSION = YES_AGGRESSIVE;
				CLANG_CXX_LANGUAGE_STANDARD = "gnu++14";
				CLANG_CXX_LIBRARY = "libc++";
				CLANG_ENABLE_MODULES = YES;
				CLANG_ENABLE_OBJC_ARC = YES;
				CLANG_ENABLE_OBJC_WEAK = YES;
				CLANG_WARN_BLOCK_CAPTURE_AUTORELEASING = YES;
				CLANG_WARN_BOOL_CONVERSION = YES;
				CLANG_WARN_COMMA = YES;
				CLANG_WARN_CONSTANT_CONVERSION = YES;
				CLANG_WARN_DEPRECATED_OBJC_IMPLEMENTATIONS = YES;
				CLANG_WARN_DIRECT_OBJC_ISA_USAGE = YES_ERROR;
				CLANG_WARN_DOCUMENTATION_COMMENTS = YES;
				CLANG_WARN_EMPTY_BODY = YES;
				CLANG_WARN_ENUM_CONVERSION = YES;
				CLANG_WARN_INFINITE_RECURSION = YES;
				CLANG_WARN_INT_CONVERSION = YES;
				CLANG_WARN_NON_LITERAL_NULL_CONVERSION = YES;
				CLANG_WARN_OBJC_IMPLICIT_RETAIN_SELF = YES;
				CLANG_WARN_OBJC_LITERAL_CONVERSION = YES;
				CLANG_WARN_OBJC_ROOT_CLASS = YES_ERROR;
				CLANG_WARN_RANGE_LOOP_ANALYSIS = YES;
				CLANG_WARN_STRICT_PROTOTYPES = YES;
				CLANG_WARN_SUSPICIOUS_MOVE = YES;
				CLANG_WARN_UNGUARDED_AVAILABILITY = YES_AGGRESSIVE;
				CLANG_WARN_UNREACHABLE_CODE = YES;
				CLANG_WARN__DUPLICATE_METHOD_MATCH = YES;
				COPY_PHASE_STRIP = NO;
				DEBUG_INFORMATION_FORMAT = "dwarf-with-dsym";
				ENABLE_NS_ASSERTIONS = NO;
				ENABLE_STRICT_OBJC_MSGSEND = YES;
				GCC_C_LANGUAGE_STANDARD = gnu11;
				GCC_NO_COMMON_BLOCKS = YES;
				GCC_WARN_64_TO_32_BIT_CONVERSION = YES;
				GCC_WARN_ABOUT_RETURN_TYPE = YES_ERROR;
				GCC_WARN_UNDECLARED_SELECTOR = YES;
				GCC_WARN_UNINITIALIZED_AUTOS = YES_AGGRESSIVE;
				GCC_WARN_UNUSED_FUNCTION = YES;
				GCC_WARN_UNUSED_VARIABLE = YES;
				IPHONEOS_DEPLOYMENT_TARGET = 13.5;
				MTL_ENABLE_DEBUG_INFO = NO;
				MTL_FAST_MATH = YES;
				SDKROOT = iphoneos;
				SWIFT_COMPILATION_MODE = wholemodule;
				SWIFT_OPTIMIZATION_LEVEL = "-O";
				VALIDATE_PRODUCT = YES;
			};
			name = Release;
		};
		30039C8A2493ED3C00320255 /* Debug */ = {
			isa = XCBuildConfiguration;
			buildSettings = {
				ASSETCATALOG_COMPILER_APPICON_NAME = AppIcon;
				CODE_SIGN_STYLE = Automatic;
				DEVELOPMENT_ASSET_PATHS = "\"PencilKitProject/Preview Content\"";
				DEVELOPMENT_TEAM = 7L4R5XZ9ZH;
				ENABLE_PREVIEWS = YES;
				INFOPLIST_FILE = PencilKitProject/Info.plist;
				LD_RUNPATH_SEARCH_PATHS = (
					"$(inherited)",
					"@executable_path/Frameworks",
				);
				PRODUCT_BUNDLE_IDENTIFIER = gu.PencilKitProject;
				PRODUCT_NAME = "$(TARGET_NAME)";
				SWIFT_VERSION = 5.0;
				TARGETED_DEVICE_FAMILY = "1,2";
			};
			name = Debug;
		};
		30039C8B2493ED3C00320255 /* Release */ = {
			isa = XCBuildConfiguration;
			buildSettings = {
				ASSETCATALOG_COMPILER_APPICON_NAME = AppIcon;
				CODE_SIGN_STYLE = Automatic;
				DEVELOPMENT_ASSET_PATHS = "\"PencilKitProject/Preview Content\"";
				DEVELOPMENT_TEAM = 7L4R5XZ9ZH;
				ENABLE_PREVIEWS = YES;
				INFOPLIST_FILE = PencilKitProject/Info.plist;
				LD_RUNPATH_SEARCH_PATHS = (
					"$(inherited)",
					"@executable_path/Frameworks",
				);
				PRODUCT_BUNDLE_IDENTIFIER = gu.PencilKitProject;
				PRODUCT_NAME = "$(TARGET_NAME)";
				SWIFT_VERSION = 5.0;
				TARGETED_DEVICE_FAMILY = "1,2";
			};
			name = Release;
		};
		30039C8D2493ED3C00320255 /* Debug */ = {
			isa = XCBuildConfiguration;
			buildSettings = {
				ALWAYS_EMBED_SWIFT_STANDARD_LIBRARIES = YES;
				BUNDLE_LOADER = "$(TEST_HOST)";
				CODE_SIGN_STYLE = Automatic;
				DEVELOPMENT_TEAM = 7L4R5XZ9ZH;
				INFOPLIST_FILE = PencilKitProjectTests/Info.plist;
				IPHONEOS_DEPLOYMENT_TARGET = 13.5;
				LD_RUNPATH_SEARCH_PATHS = (
					"$(inherited)",
					"@executable_path/Frameworks",
					"@loader_path/Frameworks",
				);
				PRODUCT_BUNDLE_IDENTIFIER = gu.PencilKitProjectTests;
				PRODUCT_NAME = "$(TARGET_NAME)";
				SWIFT_VERSION = 5.0;
				TARGETED_DEVICE_FAMILY = "1,2";
				TEST_HOST = "$(BUILT_PRODUCTS_DIR)/PencilKitProject.app/PencilKitProject";
			};
			name = Debug;
		};
		30039C8E2493ED3C00320255 /* Release */ = {
			isa = XCBuildConfiguration;
			buildSettings = {
				ALWAYS_EMBED_SWIFT_STANDARD_LIBRARIES = YES;
				BUNDLE_LOADER = "$(TEST_HOST)";
				CODE_SIGN_STYLE = Automatic;
				DEVELOPMENT_TEAM = 7L4R5XZ9ZH;
				INFOPLIST_FILE = PencilKitProjectTests/Info.plist;
				IPHONEOS_DEPLOYMENT_TARGET = 13.5;
				LD_RUNPATH_SEARCH_PATHS = (
					"$(inherited)",
					"@executable_path/Frameworks",
					"@loader_path/Frameworks",
				);
				PRODUCT_BUNDLE_IDENTIFIER = gu.PencilKitProjectTests;
				PRODUCT_NAME = "$(TARGET_NAME)";
				SWIFT_VERSION = 5.0;
				TARGETED_DEVICE_FAMILY = "1,2";
				TEST_HOST = "$(BUILT_PRODUCTS_DIR)/PencilKitProject.app/PencilKitProject";
			};
			name = Release;
		};
		30039C902493ED3C00320255 /* Debug */ = {
			isa = XCBuildConfiguration;
			buildSettings = {
				ALWAYS_EMBED_SWIFT_STANDARD_LIBRARIES = YES;
				CODE_SIGN_STYLE = Automatic;
				DEVELOPMENT_TEAM = 7L4R5XZ9ZH;
				INFOPLIST_FILE = PencilKitProjectUITests/Info.plist;
				LD_RUNPATH_SEARCH_PATHS = (
					"$(inherited)",
					"@executable_path/Frameworks",
					"@loader_path/Frameworks",
				);
				PRODUCT_BUNDLE_IDENTIFIER = gu.PencilKitProjectUITests;
				PRODUCT_NAME = "$(TARGET_NAME)";
				SWIFT_VERSION = 5.0;
				TARGETED_DEVICE_FAMILY = "1,2";
				TEST_TARGET_NAME = PencilKitProject;
			};
			name = Debug;
		};
		30039C912493ED3C00320255 /* Release */ = {
			isa = XCBuildConfiguration;
			buildSettings = {
				ALWAYS_EMBED_SWIFT_STANDARD_LIBRARIES = YES;
				CODE_SIGN_STYLE = Automatic;
				DEVELOPMENT_TEAM = 7L4R5XZ9ZH;
				INFOPLIST_FILE = PencilKitProjectUITests/Info.plist;
				LD_RUNPATH_SEARCH_PATHS = (
					"$(inherited)",
					"@executable_path/Frameworks",
					"@loader_path/Frameworks",
				);
				PRODUCT_BUNDLE_IDENTIFIER = gu.PencilKitProjectUITests;
				PRODUCT_NAME = "$(TARGET_NAME)";
				SWIFT_VERSION = 5.0;
				TARGETED_DEVICE_FAMILY = "1,2";
				TEST_TARGET_NAME = PencilKitProject;
			};
			name = Release;
		};
/* End XCBuildConfiguration section */

/* Begin XCConfigurationList section */
		30039C572493ED3900320255 /* Build configuration list for PBXProject "PencilKitProject" */ = {
			isa = XCConfigurationList;
			buildConfigurations = (
				30039C872493ED3C00320255 /* Debug */,
				30039C882493ED3C00320255 /* Release */,
			);
			defaultConfigurationIsVisible = 0;
			defaultConfigurationName = Release;
		};
		30039C892493ED3C00320255 /* Build configuration list for PBXNativeTarget "PencilKitProject" */ = {
			isa = XCConfigurationList;
			buildConfigurations = (
				30039C8A2493ED3C00320255 /* Debug */,
				30039C8B2493ED3C00320255 /* Release */,
			);
			defaultConfigurationIsVisible = 0;
			defaultConfigurationName = Release;
		};
		30039C8C2493ED3C00320255 /* Build configuration list for PBXNativeTarget "PencilKitProjectTests" */ = {
			isa = XCConfigurationList;
			buildConfigurations = (
				30039C8D2493ED3C00320255 /* Debug */,
				30039C8E2493ED3C00320255 /* Release */,
			);
			defaultConfigurationIsVisible = 0;
			defaultConfigurationName = Release;
		};
		30039C8F2493ED3C00320255 /* Build configuration list for PBXNativeTarget "PencilKitProjectUITests" */ = {
			isa = XCConfigurationList;
			buildConfigurations = (
				30039C902493ED3C00320255 /* Debug */,
				30039C912493ED3C00320255 /* Release */,
			);
			defaultConfigurationIsVisible = 0;
			defaultConfigurationName = Release;
		};
/* End XCConfigurationList section */

/* Begin XCVersionGroup section */
		30039C632493ED3900320255 /* PencilKitProject.xcdatamodeld */ = {
			isa = XCVersionGroup;
			children = (
				30039C642493ED3900320255 /* PencilKitProject.xcdatamodel */,
			);
			currentVersion = 30039C642493ED3900320255 /* PencilKitProject.xcdatamodel */;
			path = PencilKitProject.xcdatamodeld;
			sourceTree = "<group>";
			versionGroupType = wrapper.xcdatamodel;
		};
/* End XCVersionGroup section */
	};
	rootObject = 30039C542493ED3900320255 /* Project object */;
}
